// !$*UTF8*$!
{
	archiveVersion = 1;
	classes = {
	};
	objectVersion = 48;
	objects = {

/* Begin PBXBuildFile section */
		E60C79931FEA5EAB005FCC65 /* RecommendViewController.swift in Sources */ = {isa = PBXBuildFile; fileRef = E60C79921FEA5EAB005FCC65 /* RecommendViewController.swift */; };
		E67802CE1FE6BF1400092A64 /* UIButton-Extension.swift in Sources */ = {isa = PBXBuildFile; fileRef = E67802CD1FE6BF1400092A64 /* UIButton-Extension.swift */; };
		E67802D01FE767C200092A64 /* PageTitleView.swift in Sources */ = {isa = PBXBuildFile; fileRef = E67802CF1FE767C200092A64 /* PageTitleView.swift */; };
		E67802D21FE771E400092A64 /* Common.swift in Sources */ = {isa = PBXBuildFile; fileRef = E67802D11FE771E400092A64 /* Common.swift */; };
		E67802D41FE7D08600092A64 /* PageContentView.swift in Sources */ = {isa = PBXBuildFile; fileRef = E67802D31FE7D08600092A64 /* PageContentView.swift */; };
		E67802D61FE7D2EB00092A64 /* UIColor-Extension.swift in Sources */ = {isa = PBXBuildFile; fileRef = E67802D51FE7D2EB00092A64 /* UIColor-Extension.swift */; };
		E6C2174D1FE668E2006D85E4 /* Home.storyboard in Resources */ = {isa = PBXBuildFile; fileRef = E6C217451FE668E1006D85E4 /* Home.storyboard */; };
		E6C2174E1FE668E2006D85E4 /* Profile.storyboard in Resources */ = {isa = PBXBuildFile; fileRef = E6C217471FE668E1006D85E4 /* Profile.storyboard */; };
		E6C2174F1FE668E2006D85E4 /* Live.storyboard in Resources */ = {isa = PBXBuildFile; fileRef = E6C217491FE668E1006D85E4 /* Live.storyboard */; };
		E6C217501FE668E2006D85E4 /* Follow.storyboard in Resources */ = {isa = PBXBuildFile; fileRef = E6C2174B1FE668E2006D85E4 /* Follow.storyboard */; };
		E6C2175A1FE676CC006D85E4 /* MainViewController.swift in Sources */ = {isa = PBXBuildFile; fileRef = E6C217581FE676CC006D85E4 /* MainViewController.swift */; };
		E6C2175C1FE67722006D85E4 /* HomeViewController.swift in Sources */ = {isa = PBXBuildFile; fileRef = E6C2175B1FE67722006D85E4 /* HomeViewController.swift */; };
		E6CE074F1FE62CAC008F0B1E /* AppDelegate.swift in Sources */ = {isa = PBXBuildFile; fileRef = E6CE074E1FE62CAC008F0B1E /* AppDelegate.swift */; };
		E6CE07541FE62CAC008F0B1E /* Main.storyboard in Resources */ = {isa = PBXBuildFile; fileRef = E6CE07521FE62CAC008F0B1E /* Main.storyboard */; };
		E6CE07561FE62CAC008F0B1E /* Assets.xcassets in Resources */ = {isa = PBXBuildFile; fileRef = E6CE07551FE62CAC008F0B1E /* Assets.xcassets */; };
		E6CE07591FE62CAC008F0B1E /* LaunchScreen.storyboard in Resources */ = {isa = PBXBuildFile; fileRef = E6CE07571FE62CAC008F0B1E /* LaunchScreen.storyboard */; };
/* End PBXBuildFile section */

/* Begin PBXFileReference section */
		E60C79921FEA5EAB005FCC65 /* RecommendViewController.swift */ = {isa = PBXFileReference; lastKnownFileType = sourcecode.swift; path = RecommendViewController.swift; sourceTree = "<group>"; };
		E67802CD1FE6BF1400092A64 /* UIButton-Extension.swift */ = {isa = PBXFileReference; lastKnownFileType = sourcecode.swift; path = "UIButton-Extension.swift"; sourceTree = "<group>"; };
		E67802CF1FE767C200092A64 /* PageTitleView.swift */ = {isa = PBXFileReference; lastKnownFileType = sourcecode.swift; path = PageTitleView.swift; sourceTree = "<group>"; };
		E67802D11FE771E400092A64 /* Common.swift */ = {isa = PBXFileReference; lastKnownFileType = sourcecode.swift; path = Common.swift; sourceTree = "<group>"; };
		E67802D31FE7D08600092A64 /* PageContentView.swift */ = {isa = PBXFileReference; lastKnownFileType = sourcecode.swift; path = PageContentView.swift; sourceTree = "<group>"; };
		E67802D51FE7D2EB00092A64 /* UIColor-Extension.swift */ = {isa = PBXFileReference; lastKnownFileType = sourcecode.swift; path = "UIColor-Extension.swift"; sourceTree = "<group>"; };
		E6C217461FE668E1006D85E4 /* Base */ = {isa = PBXFileReference; lastKnownFileType = file.storyboard; name = Base; path = Base.lproj/Home.storyboard; sourceTree = "<group>"; };
		E6C217481FE668E1006D85E4 /* Base */ = {isa = PBXFileReference; lastKnownFileType = file.storyboard; name = Base; path = Base.lproj/Profile.storyboard; sourceTree = "<group>"; };
		E6C2174A1FE668E1006D85E4 /* Base */ = {isa = PBXFileReference; lastKnownFileType = file.storyboard; name = Base; path = Base.lproj/Live.storyboard; sourceTree = "<group>"; };
		E6C2174C1FE668E2006D85E4 /* Base */ = {isa = PBXFileReference; lastKnownFileType = file.storyboard; name = Base; path = Base.lproj/Follow.storyboard; sourceTree = "<group>"; };
		E6C217581FE676CC006D85E4 /* MainViewController.swift */ = {isa = PBXFileReference; fileEncoding = 4; lastKnownFileType = sourcecode.swift; path = MainViewController.swift; sourceTree = "<group>"; };
		E6C2175B1FE67722006D85E4 /* HomeViewController.swift */ = {isa = PBXFileReference; lastKnownFileType = sourcecode.swift; path = HomeViewController.swift; sourceTree = "<group>"; };
		E6CE074B1FE62CAC008F0B1E /* DYZB-02.app */ = {isa = PBXFileReference; explicitFileType = wrapper.application; includeInIndex = 0; path = "DYZB-02.app"; sourceTree = BUILT_PRODUCTS_DIR; };
		E6CE074E1FE62CAC008F0B1E /* AppDelegate.swift */ = {isa = PBXFileReference; lastKnownFileType = sourcecode.swift; path = AppDelegate.swift; sourceTree = "<group>"; };
		E6CE07531FE62CAC008F0B1E /* Base */ = {isa = PBXFileReference; lastKnownFileType = file.storyboard; name = Base; path = Base.lproj/Main.storyboard; sourceTree = "<group>"; };
		E6CE07551FE62CAC008F0B1E /* Assets.xcassets */ = {isa = PBXFileReference; lastKnownFileType = folder.assetcatalog; path = Assets.xcassets; sourceTree = "<group>"; };
		E6CE07581FE62CAC008F0B1E /* Base */ = {isa = PBXFileReference; lastKnownFileType = file.storyboard; name = Base; path = Base.lproj/LaunchScreen.storyboard; sourceTree = "<group>"; };
		E6CE075A1FE62CAC008F0B1E /* Info.plist */ = {isa = PBXFileReference; lastKnownFileType = text.plist.xml; path = Info.plist; sourceTree = "<group>"; };
/* End PBXFileReference section */

/* Begin PBXFrameworksBuildPhase section */
		E6CE07481FE62CAC008F0B1E /* Frameworks */ = {
			isa = PBXFrameworksBuildPhase;
			buildActionMask = 2147483647;
			files = (
			);
			runOnlyForDeploymentPostprocessing = 0;
		};
/* End PBXFrameworksBuildPhase section */

/* Begin PBXGroup section */
		E67802CC1FE6BEF800092A64 /* Extension */ = {
			isa = PBXGroup;
			children = (
				E67802CD1FE6BF1400092A64 /* UIButton-Extension.swift */,
				E67802D51FE7D2EB00092A64 /* UIColor-Extension.swift */,
			);
			path = Extension;
			sourceTree = "<group>";
		};
		E6C217531FE67644006D85E4 /* Model */ = {
			isa = PBXGroup;
			children = (
			);
			path = Model;
			sourceTree = "<group>";
		};
		E6C217541FE67644006D85E4 /* View */ = {
			isa = PBXGroup;
			children = (
			);
			path = View;
			sourceTree = "<group>";
		};
		E6C217551FE67645006D85E4 /* Controller */ = {
			isa = PBXGroup;
			children = (
				E6C217451FE668E1006D85E4 /* Home.storyboard */,
				E6C2175B1FE67722006D85E4 /* HomeViewController.swift */,
				E60C79921FEA5EAB005FCC65 /* RecommendViewController.swift */,
			);
			path = Controller;
			sourceTree = "<group>";
		};
		E6C217561FE676CC006D85E4 /* Model */ = {
			isa = PBXGroup;
			children = (
			);
			path = Model;
			sourceTree = "<group>";
		};
		E6C217571FE676CC006D85E4 /* Controller */ = {
			isa = PBXGroup;
			children = (
				E6CE07521FE62CAC008F0B1E /* Main.storyboard */,
				E6C217581FE676CC006D85E4 /* MainViewController.swift */,
			);
			path = Controller;
			sourceTree = "<group>";
		};
		E6C217591FE676CC006D85E4 /* View */ = {
			isa = PBXGroup;
			children = (
				E67802CF1FE767C200092A64 /* PageTitleView.swift */,
				E67802D31FE7D08600092A64 /* PageContentView.swift */,
			);
			path = View;
			sourceTree = "<group>";
		};
		E6CE07421FE62CAC008F0B1E = {
			isa = PBXGroup;
			children = (
				E6CE074D1FE62CAC008F0B1E /* DYZB-02 */,
				E6CE074C1FE62CAC008F0B1E /* Products */,
			);
			sourceTree = "<group>";
		};
		E6CE074C1FE62CAC008F0B1E /* Products */ = {
			isa = PBXGroup;
			children = (
				E6CE074B1FE62CAC008F0B1E /* DYZB-02.app */,
			);
			name = Products;
			sourceTree = "<group>";
		};
		E6CE074D1FE62CAC008F0B1E /* DYZB-02 */ = {
			isa = PBXGroup;
			children = (
				E6CE07601FE65E60008F0B1E /* Classes */,
				E6CE074E1FE62CAC008F0B1E /* AppDelegate.swift */,
				E6CE07551FE62CAC008F0B1E /* Assets.xcassets */,
				E6CE07571FE62CAC008F0B1E /* LaunchScreen.storyboard */,
				E6CE075A1FE62CAC008F0B1E /* Info.plist */,
			);
			path = "DYZB-02";
			sourceTree = "<group>";
		};
		E6CE07601FE65E60008F0B1E /* Classes */ = {
			isa = PBXGroup;
			children = (
				E6CE07661FE65E60008F0B1E /* Mian */,
				E6CE07611FE65E60008F0B1E /* Home */,
				E6CE07651FE65E60008F0B1E /* Live */,
				E6CE07631FE65E60008F0B1E /* Follow */,
				E6CE07641FE65E60008F0B1E /* Profile */,
				E6CE07621FE65E60008F0B1E /* Tools */,
			);
			path = Classes;
			sourceTree = "<group>";
		};
		E6CE07611FE65E60008F0B1E /* Home */ = {
			isa = PBXGroup;
			children = (
				E6C217531FE67644006D85E4 /* Model */,
				E6C217541FE67644006D85E4 /* View */,
				E6C217551FE67645006D85E4 /* Controller */,
			);
			path = Home;
			sourceTree = "<group>";
		};
		E6CE07621FE65E60008F0B1E /* Tools */ = {
			isa = PBXGroup;
			children = (
				E67802CC1FE6BEF800092A64 /* Extension */,
				E67802D11FE771E400092A64 /* Common.swift */,
			);
			path = Tools;
			sourceTree = "<group>";
		};
		E6CE07631FE65E60008F0B1E /* Follow */ = {
			isa = PBXGroup;
			children = (
				E6C2174B1FE668E2006D85E4 /* Follow.storyboard */,
			);
			path = Follow;
			sourceTree = "<group>";
		};
		E6CE07641FE65E60008F0B1E /* Profile */ = {
			isa = PBXGroup;
			children = (
				E6C217471FE668E1006D85E4 /* Profile.storyboard */,
			);
			path = Profile;
			sourceTree = "<group>";
		};
		E6CE07651FE65E60008F0B1E /* Live */ = {
			isa = PBXGroup;
			children = (
				E6C217491FE668E1006D85E4 /* Live.storyboard */,
			);
			path = Live;
			sourceTree = "<group>";
		};
		E6CE07661FE65E60008F0B1E /* Mian */ = {
			isa = PBXGroup;
			children = (
				E6C217561FE676CC006D85E4 /* Model */,
				E6C217591FE676CC006D85E4 /* View */,
				E6C217571FE676CC006D85E4 /* Controller */,
			);
			path = Mian;
			sourceTree = "<group>";
		};
/* End PBXGroup section */

/* Begin PBXNativeTarget section */
		E6CE074A1FE62CAC008F0B1E /* DYZB-02 */ = {
			isa = PBXNativeTarget;
			buildConfigurationList = E6CE075D1FE62CAC008F0B1E /* Build configuration list for PBXNativeTarget "DYZB-02" */;
			buildPhases = (
				E6CE07471FE62CAC008F0B1E /* Sources */,
				E6CE07481FE62CAC008F0B1E /* Frameworks */,
				E6CE07491FE62CAC008F0B1E /* Resources */,
			);
			buildRules = (
			);
			dependencies = (
			);
			name = "DYZB-02";
			productName = "DYZB-02";
			productReference = E6CE074B1FE62CAC008F0B1E /* DYZB-02.app */;
			productType = "com.apple.product-type.application";
		};
/* End PBXNativeTarget section */

/* Begin PBXProject section */
		E6CE07431FE62CAC008F0B1E /* Project object */ = {
			isa = PBXProject;
			attributes = {
				LastSwiftUpdateCheck = 0920;
				LastUpgradeCheck = 0920;
				ORGANIZATIONNAME = "伏文东";
				TargetAttributes = {
					E6CE074A1FE62CAC008F0B1E = {
						CreatedOnToolsVersion = 9.2;
						ProvisioningStyle = Automatic;
					};
				};
			};
			buildConfigurationList = E6CE07461FE62CAC008F0B1E /* Build configuration list for PBXProject "DYZB-02" */;
			compatibilityVersion = "Xcode 8.0";
			developmentRegion = en;
			hasScannedForEncodings = 0;
			knownRegions = (
				en,
				Base,
			);
			mainGroup = E6CE07421FE62CAC008F0B1E;
			productRefGroup = E6CE074C1FE62CAC008F0B1E /* Products */;
			projectDirPath = "";
			projectRoot = "";
			targets = (
				E6CE074A1FE62CAC008F0B1E /* DYZB-02 */,
			);
		};
/* End PBXProject section */

/* Begin PBXResourcesBuildPhase section */
		E6CE07491FE62CAC008F0B1E /* Resources */ = {
			isa = PBXResourcesBuildPhase;
			buildActionMask = 2147483647;
			files = (
				E6CE07591FE62CAC008F0B1E /* LaunchScreen.storyboard in Resources */,
				E6CE07561FE62CAC008F0B1E /* Assets.xcassets in Resources */,
				E6C2174F1FE668E2006D85E4 /* Live.storyboard in Resources */,
				E6C2174E1FE668E2006D85E4 /* Profile.storyboard in Resources */,
				E6C217501FE668E2006D85E4 /* Follow.storyboard in Resources */,
				E6CE07541FE62CAC008F0B1E /* Main.storyboard in Resources */,
				E6C2174D1FE668E2006D85E4 /* Home.storyboard in Resources */,
			);
			runOnlyForDeploymentPostprocessing = 0;
		};
/* End PBXResourcesBuildPhase section */

/* Begin PBXSourcesBuildPhase section */
		E6CE07471FE62CAC008F0B1E /* Sources */ = {
			isa = PBXSourcesBuildPhase;
			buildActionMask = 2147483647;
			files = (
				E6CE074F1FE62CAC008F0B1E /* AppDelegate.swift in Sources */,
				E67802D61FE7D2EB00092A64 /* UIColor-Extension.swift in Sources */,
				E60C79931FEA5EAB005FCC65 /* RecommendViewController.swift in Sources */,
				E6C2175A1FE676CC006D85E4 /* MainViewController.swift in Sources */,
				E67802D01FE767C200092A64 /* PageTitleView.swift in Sources */,
				E67802D41FE7D08600092A64 /* PageContentView.swift in Sources */,
				E6C2175C1FE67722006D85E4 /* HomeViewController.swift in Sources */,
				E67802D21FE771E400092A64 /* Common.swift in Sources */,
				E67802CE1FE6BF1400092A64 /* UIButton-Extension.swift in Sources */,
			);
			runOnlyForDeploymentPostprocessing = 0;
		};
/* End PBXSourcesBuildPhase section */

/* Begin PBXVariantGroup section */
		E6C217451FE668E1006D85E4 /* Home.storyboard */ = {
			isa = PBXVariantGroup;
			children = (
				E6C217461FE668E1006D85E4 /* Base */,
			);
			name = Home.storyboard;
			sourceTree = "<group>";
		};
		E6C217471FE668E1006D85E4 /* Profile.storyboard */ = {
			isa = PBXVariantGroup;
			children = (
				E6C217481FE668E1006D85E4 /* Base */,
			);
			name = Profile.storyboard;
			sourceTree = "<group>";
		};
		E6C217491FE668E1006D85E4 /* Live.storyboard */ = {
			isa = PBXVariantGroup;
			children = (
				E6C2174A1FE668E1006D85E4 /* Base */,
			);
			name = Live.storyboard;
			sourceTree = "<group>";
		};
		E6C2174B1FE668E2006D85E4 /* Follow.storyboard */ = {
			isa = PBXVariantGroup;
			children = (
				E6C2174C1FE668E2006D85E4 /* Base */,
			);
			name = Follow.storyboard;
			sourceTree = "<group>";
		};
		E6CE07521FE62CAC008F0B1E /* Main.storyboard */ = {
			isa = PBXVariantGroup;
			children = (
				E6CE07531FE62CAC008F0B1E /* Base */,
			);
			name = Main.storyboard;
			sourceTree = "<group>";
		};
		E6CE07571FE62CAC008F0B1E /* LaunchScreen.storyboard */ = {
			isa = PBXVariantGroup;
			children = (
				E6CE07581FE62CAC008F0B1E /* Base */,
			);
			name = LaunchScreen.storyboard;
			sourceTree = "<group>";
		};
/* End PBXVariantGroup section */

/* Begin XCBuildConfiguration section */
		E6CE075B1FE62CAC008F0B1E /* Debug */ = {
			isa = XCBuildConfiguration;
			buildSettings = {
				ALWAYS_SEARCH_USER_PATHS = NO;
				CLANG_ANALYZER_NONNULL = YES;
				CLANG_ANALYZER_NUMBER_OBJECT_CONVERSION = YES_AGGRESSIVE;
				CLANG_CXX_LANGUAGE_STANDARD = "gnu++14";
				CLANG_CXX_LIBRARY = "libc++";
				CLANG_ENABLE_MODULES = YES;
				CLANG_ENABLE_OBJC_ARC = YES;
				CLANG_WARN_BLOCK_CAPTURE_AUTORELEASING = YES;
				CLANG_WARN_BOOL_CONVERSION = YES;
				CLANG_WARN_COMMA = YES;
				CLANG_WARN_CONSTANT_CONVERSION = YES;
				CLANG_WARN_DIRECT_OBJC_ISA_USAGE = YES_ERROR;
				CLANG_WARN_DOCUMENTATION_COMMENTS = YES;
				CLANG_WARN_EMPTY_BODY = YES;
				CLANG_WARN_ENUM_CONVERSION = YES;
				CLANG_WARN_INFINITE_RECURSION = YES;
				CLANG_WARN_INT_CONVERSION = YES;
				CLANG_WARN_NON_LITERAL_NULL_CONVERSION = YES;
				CLANG_WARN_OBJC_LITERAL_CONVERSION = YES;
				CLANG_WARN_OBJC_ROOT_CLASS = YES_ERROR;
				CLANG_WARN_RANGE_LOOP_ANALYSIS = YES;
				CLANG_WARN_STRICT_PROTOTYPES = YES;
				CLANG_WARN_SUSPICIOUS_MOVE = YES;
				CLANG_WARN_UNGUARDED_AVAILABILITY = YES_AGGRESSIVE;
				CLANG_WARN_UNREACHABLE_CODE = YES;
				CLANG_WARN__DUPLICATE_METHOD_MATCH = YES;
				CODE_SIGN_IDENTITY = "iPhone Developer";
				COPY_PHASE_STRIP = NO;
				DEBUG_INFORMATION_FORMAT = dwarf;
				ENABLE_STRICT_OBJC_MSGSEND = YES;
				ENABLE_TESTABILITY = YES;
				GCC_C_LANGUAGE_STANDARD = gnu11;
				GCC_DYNAMIC_NO_PIC = NO;
				GCC_NO_COMMON_BLOCKS = YES;
				GCC_OPTIMIZATION_LEVEL = 0;
				GCC_PREPROCESSOR_DEFINITIONS = (
					"DEBUG=1",
					"$(inherited)",
				);
				GCC_WARN_64_TO_32_BIT_CONVERSION = YES;
				GCC_WARN_ABOUT_RETURN_TYPE = YES_ERROR;
				GCC_WARN_UNDECLARED_SELECTOR = YES;
				GCC_WARN_UNINITIALIZED_AUTOS = YES_AGGRESSIVE;
				GCC_WARN_UNUSED_FUNCTION = YES;
				GCC_WARN_UNUSED_VARIABLE = YES;
				IPHONEOS_DEPLOYMENT_TARGET = 11.2;
				MTL_ENABLE_DEBUG_INFO = YES;
				ONLY_ACTIVE_ARCH = YES;
				SDKROOT = iphoneos;
				SWIFT_ACTIVE_COMPILATION_CONDITIONS = DEBUG;
				SWIFT_OPTIMIZATION_LEVEL = "-Onone";
			};
			name = Debug;
		};
		E6CE075C1FE62CAC008F0B1E /* Release */ = {
			isa = XCBuildConfiguration;
			buildSettings = {
				ALWAYS_SEARCH_USER_PATHS = NO;
				CLANG_ANALYZER_NONNULL = YES;
				CLANG_ANALYZER_NUMBER_OBJECT_CONVERSION = YES_AGGRESSIVE;
				CLANG_CXX_LANGUAGE_STANDARD = "gnu++14";
				CLANG_CXX_LIBRARY = "libc++";
				CLANG_ENABLE_MODULES = YES;
				CLANG_ENABLE_OBJC_ARC = YES;
				CLANG_WARN_BLOCK_CAPTURE_AUTORELEASING = YES;
				CLANG_WARN_BOOL_CONVERSION = YES;
				CLANG_WARN_COMMA = YES;
				CLANG_WARN_CONSTANT_CONVERSION = YES;
				CLANG_WARN_DIRECT_OBJC_ISA_USAGE = YES_ERROR;
				CLANG_WARN_DOCUMENTATION_COMMENTS = YES;
				CLANG_WARN_EMPTY_BODY = YES;
				CLANG_WARN_ENUM_CONVERSION = YES;
				CLANG_WARN_INFINITE_RECURSION = YES;
				CLANG_WARN_INT_CONVERSION = YES;
				CLANG_WARN_NON_LITERAL_NULL_CONVERSION = YES;
				CLANG_WARN_OBJC_LITERAL_CONVERSION = YES;
				CLANG_WARN_OBJC_ROOT_CLASS = YES_ERROR;
				CLANG_WARN_RANGE_LOOP_ANALYSIS = YES;
				CLANG_WARN_STRICT_PROTOTYPES = YES;
				CLANG_WARN_SUSPICIOUS_MOVE = YES;
				CLANG_WARN_UNGUARDED_AVAILABILITY = YES_AGGRESSIVE;
				CLANG_WARN_UNREACHABLE_CODE = YES;
				CLANG_WARN__DUPLICATE_METHOD_MATCH = YES;
				CODE_SIGN_IDENTITY = "iPhone Developer";
				COPY_PHASE_STRIP = NO;
				DEBUG_INFORMATION_FORMAT = "dwarf-with-dsym";
				ENABLE_NS_ASSERTIONS = NO;
				ENABLE_STRICT_OBJC_MSGSEND = YES;
				GCC_C_LANGUAGE_STANDARD = gnu11;
				GCC_NO_COMMON_BLOCKS = YES;
				GCC_WARN_64_TO_32_BIT_CONVERSION = YES;
				GCC_WARN_ABOUT_RETURN_TYPE = YES_ERROR;
				GCC_WARN_UNDECLARED_SELECTOR = YES;
				GCC_WARN_UNINITIALIZED_AUTOS = YES_AGGRESSIVE;
				GCC_WARN_UNUSED_FUNCTION = YES;
				GCC_WARN_UNUSED_VARIABLE = YES;
				IPHONEOS_DEPLOYMENT_TARGET = 11.2;
				MTL_ENABLE_DEBUG_INFO = NO;
				SDKROOT = iphoneos;
				SWIFT_OPTIMIZATION_LEVEL = "-Owholemodule";
				VALIDATE_PRODUCT = YES;
			};
			name = Release;
		};
		E6CE075E1FE62CAC008F0B1E /* Debug */ = {
			isa = XCBuildConfiguration;
			buildSettings = {
				ASSETCATALOG_COMPILER_APPICON_NAME = AppIcon;
				ASSETCATALOG_COMPILER_LAUNCHIMAGE_NAME = LaunchImage;
				CODE_SIGN_STYLE = Automatic;
				DEVELOPMENT_TEAM = 9G39G22WQ4;
				INFOPLIST_FILE = "DYZB-02/Info.plist";
				IPHONEOS_DEPLOYMENT_TARGET = 9.0;
				LD_RUNPATH_SEARCH_PATHS = "$(inherited) @executable_path/Frameworks";
				PRODUCT_BUNDLE_IDENTIFIER = "Wendong.Fu.DYZB-02";
				PRODUCT_NAME = "$(TARGET_NAME)";
				SWIFT_VERSION = 4.0;
				TARGETED_DEVICE_FAMILY = 1;
			};
			name = Debug;
		};
		E6CE075F1FE62CAC008F0B1E /* Release */ = {
			isa = XCBuildConfiguration;
			buildSettings = {
				ASSETCATALOG_COMPILER_APPICON_NAME = AppIcon;
				ASSETCATALOG_COMPILER_LAUNCHIMAGE_NAME = LaunchImage;
				CODE_SIGN_STYLE = Automatic;
				DEVELOPMENT_TEAM = 9G39G22WQ4;
				INFOPLIST_FILE = "DYZB-02/Info.plist";
				IPHONEOS_DEPLOYMENT_TARGET = 9.0;
				LD_RUNPATH_SEARCH_PATHS = "$(inherited) @executable_path/Frameworks";
				PRODUCT_BUNDLE_IDENTIFIER = "Wendong.Fu.DYZB-02";
				PRODUCT_NAME = "$(TARGET_NAME)";
				SWIFT_VERSION = 4.0;
				TARGETED_DEVICE_FAMILY = 1;
			};
			name = Release;
		};
/* End XCBuildConfiguration section */

/* Begin XCConfigurationList section */
		E6CE07461FE62CAC008F0B1E /* Build configuration list for PBXProject "DYZB-02" */ = {
			isa = XCConfigurationList;
			buildConfigurations = (
				E6CE075B1FE62CAC008F0B1E /* Debug */,
				E6CE075C1FE62CAC008F0B1E /* Release */,
			);
			defaultConfigurationIsVisible = 0;
			defaultConfigurationName = Release;
		};
		E6CE075D1FE62CAC008F0B1E /* Build configuration list for PBXNativeTarget "DYZB-02" */ = {
			isa = XCConfigurationList;
			buildConfigurations = (
				E6CE075E1FE62CAC008F0B1E /* Debug */,
				E6CE075F1FE62CAC008F0B1E /* Release */,
			);
			defaultConfigurationIsVisible = 0;
			defaultConfigurationName = Release;
		};
/* End XCConfigurationList section */
	};
	rootObject = E6CE07431FE62CAC008F0B1E /* Project object */;
}
